// !$*UTF8*$!
{
	archiveVersion = 1;
	classes = {
	};
	objectVersion = 56;
	objects = {

/* Begin PBXBuildFile section */
		37A77C3D2B70212600435DF5 /* Coordinator.swift in Sources */ = {isa = PBXBuildFile; fileRef = 37A77C3C2B70212600435DF5 /* Coordinator.swift */; };
		37A77C3F2B70214B00435DF5 /* MainCoordinator.swift in Sources */ = {isa = PBXBuildFile; fileRef = 37A77C3E2B70214B00435DF5 /* MainCoordinator.swift */; };
		37A77C412B7021E700435DF5 /* SearchCityViewController.swift in Sources */ = {isa = PBXBuildFile; fileRef = 37A77C402B7021E700435DF5 /* SearchCityViewController.swift */; };
		37A8470F2B6FC04100AE4623 /* AppDelegate.swift in Sources */ = {isa = PBXBuildFile; fileRef = 37A8470E2B6FC04100AE4623 /* AppDelegate.swift */; };
		37A847112B6FC04100AE4623 /* SceneDelegate.swift in Sources */ = {isa = PBXBuildFile; fileRef = 37A847102B6FC04100AE4623 /* SceneDelegate.swift */; };
		37A847182B6FC04300AE4623 /* Assets.xcassets in Resources */ = {isa = PBXBuildFile; fileRef = 37A847172B6FC04300AE4623 /* Assets.xcassets */; };
		37A8471B2B6FC04300AE4623 /* LaunchScreen.storyboard in Resources */ = {isa = PBXBuildFile; fileRef = 37A847192B6FC04300AE4623 /* LaunchScreen.storyboard */; };
		37A847262B6FC04300AE4623 /* EmpikTestWeatherAppTests.swift in Sources */ = {isa = PBXBuildFile; fileRef = 37A847252B6FC04300AE4623 /* EmpikTestWeatherAppTests.swift */; };
		37A847302B6FC04300AE4623 /* EmpikTestWeatherAppUITests.swift in Sources */ = {isa = PBXBuildFile; fileRef = 37A8472F2B6FC04300AE4623 /* EmpikTestWeatherAppUITests.swift */; };
		37A847322B6FC04300AE4623 /* EmpikTestWeatherAppUITestsLaunchTests.swift in Sources */ = {isa = PBXBuildFile; fileRef = 37A847312B6FC04300AE4623 /* EmpikTestWeatherAppUITestsLaunchTests.swift */; };
		5AD7A8EA4C5CCF0BD9435051 /* Pods_EmpikTestWeatherApp.framework in Frameworks */ = {isa = PBXBuildFile; fileRef = 0405A1D71D3926B65718EA40 /* Pods_EmpikTestWeatherApp.framework */; };
/* End PBXBuildFile section */

/* Begin PBXContainerItemProxy section */
		37A847222B6FC04300AE4623 /* PBXContainerItemProxy */ = {
			isa = PBXContainerItemProxy;
			containerPortal = 37A847032B6FC04100AE4623 /* Project object */;
			proxyType = 1;
			remoteGlobalIDString = 37A8470A2B6FC04100AE4623;
			remoteInfo = EmpikTestWeatherApp;
		};
		37A8472C2B6FC04300AE4623 /* PBXContainerItemProxy */ = {
			isa = PBXContainerItemProxy;
			containerPortal = 37A847032B6FC04100AE4623 /* Project object */;
			proxyType = 1;
			remoteGlobalIDString = 37A8470A2B6FC04100AE4623;
			remoteInfo = EmpikTestWeatherApp;
		};
/* End PBXContainerItemProxy section */

/* Begin PBXFileReference section */
		0405A1D71D3926B65718EA40 /* Pods_EmpikTestWeatherApp.framework */ = {isa = PBXFileReference; explicitFileType = wrapper.framework; includeInIndex = 0; path = Pods_EmpikTestWeatherApp.framework; sourceTree = BUILT_PRODUCTS_DIR; };
		06D164A9735A48DFCE5FCB83 /* Pods-EmpikTestWeatherApp.release.xcconfig */ = {isa = PBXFileReference; includeInIndex = 1; lastKnownFileType = text.xcconfig; name = "Pods-EmpikTestWeatherApp.release.xcconfig"; path = "Target Support Files/Pods-EmpikTestWeatherApp/Pods-EmpikTestWeatherApp.release.xcconfig"; sourceTree = "<group>"; };
		37A77C3C2B70212600435DF5 /* Coordinator.swift */ = {isa = PBXFileReference; lastKnownFileType = sourcecode.swift; path = Coordinator.swift; sourceTree = "<group>"; };
		37A77C3E2B70214B00435DF5 /* MainCoordinator.swift */ = {isa = PBXFileReference; lastKnownFileType = sourcecode.swift; path = MainCoordinator.swift; sourceTree = "<group>"; };
		37A77C402B7021E700435DF5 /* SearchCityViewController.swift */ = {isa = PBXFileReference; lastKnownFileType = sourcecode.swift; path = SearchCityViewController.swift; sourceTree = "<group>"; };
		37A8470B2B6FC04100AE4623 /* EmpikTestWeatherApp.app */ = {isa = PBXFileReference; explicitFileType = wrapper.application; includeInIndex = 0; path = EmpikTestWeatherApp.app; sourceTree = BUILT_PRODUCTS_DIR; };
		37A8470E2B6FC04100AE4623 /* AppDelegate.swift */ = {isa = PBXFileReference; lastKnownFileType = sourcecode.swift; path = AppDelegate.swift; sourceTree = "<group>"; };
		37A847102B6FC04100AE4623 /* SceneDelegate.swift */ = {isa = PBXFileReference; lastKnownFileType = sourcecode.swift; path = SceneDelegate.swift; sourceTree = "<group>"; };
		37A847172B6FC04300AE4623 /* Assets.xcassets */ = {isa = PBXFileReference; lastKnownFileType = folder.assetcatalog; path = Assets.xcassets; sourceTree = "<group>"; };
		37A8471A2B6FC04300AE4623 /* Base */ = {isa = PBXFileReference; lastKnownFileType = file.storyboard; name = Base; path = Base.lproj/LaunchScreen.storyboard; sourceTree = "<group>"; };
		37A8471C2B6FC04300AE4623 /* Info.plist */ = {isa = PBXFileReference; lastKnownFileType = text.plist.xml; path = Info.plist; sourceTree = "<group>"; };
		37A847212B6FC04300AE4623 /* EmpikTestWeatherAppTests.xctest */ = {isa = PBXFileReference; explicitFileType = wrapper.cfbundle; includeInIndex = 0; path = EmpikTestWeatherAppTests.xctest; sourceTree = BUILT_PRODUCTS_DIR; };
		37A847252B6FC04300AE4623 /* EmpikTestWeatherAppTests.swift */ = {isa = PBXFileReference; lastKnownFileType = sourcecode.swift; path = EmpikTestWeatherAppTests.swift; sourceTree = "<group>"; };
		37A8472B2B6FC04300AE4623 /* EmpikTestWeatherAppUITests.xctest */ = {isa = PBXFileReference; explicitFileType = wrapper.cfbundle; includeInIndex = 0; path = EmpikTestWeatherAppUITests.xctest; sourceTree = BUILT_PRODUCTS_DIR; };
		37A8472F2B6FC04300AE4623 /* EmpikTestWeatherAppUITests.swift */ = {isa = PBXFileReference; lastKnownFileType = sourcecode.swift; path = EmpikTestWeatherAppUITests.swift; sourceTree = "<group>"; };
		37A847312B6FC04300AE4623 /* EmpikTestWeatherAppUITestsLaunchTests.swift */ = {isa = PBXFileReference; lastKnownFileType = sourcecode.swift; path = EmpikTestWeatherAppUITestsLaunchTests.swift; sourceTree = "<group>"; };
		8BFC358A6B0BD5D0A0536490 /* Pods-EmpikTestWeatherApp.debug.xcconfig */ = {isa = PBXFileReference; includeInIndex = 1; lastKnownFileType = text.xcconfig; name = "Pods-EmpikTestWeatherApp.debug.xcconfig"; path = "Target Support Files/Pods-EmpikTestWeatherApp/Pods-EmpikTestWeatherApp.debug.xcconfig"; sourceTree = "<group>"; };
/* End PBXFileReference section */

/* Begin PBXFrameworksBuildPhase section */
		37A847082B6FC04100AE4623 /* Frameworks */ = {
			isa = PBXFrameworksBuildPhase;
			buildActionMask = 2147483647;
			files = (
				5AD7A8EA4C5CCF0BD9435051 /* Pods_EmpikTestWeatherApp.framework in Frameworks */,
			);
			runOnlyForDeploymentPostprocessing = 0;
		};
		37A8471E2B6FC04300AE4623 /* Frameworks */ = {
			isa = PBXFrameworksBuildPhase;
			buildActionMask = 2147483647;
			files = (
			);
			runOnlyForDeploymentPostprocessing = 0;
		};
		37A847282B6FC04300AE4623 /* Frameworks */ = {
			isa = PBXFrameworksBuildPhase;
			buildActionMask = 2147483647;
			files = (
			);
			runOnlyForDeploymentPostprocessing = 0;
		};
/* End PBXFrameworksBuildPhase section */

/* Begin PBXGroup section */
		06C2B0F78893D473847B8477 /* Pods */ = {
			isa = PBXGroup;
			children = (
				8BFC358A6B0BD5D0A0536490 /* Pods-EmpikTestWeatherApp.debug.xcconfig */,
				06D164A9735A48DFCE5FCB83 /* Pods-EmpikTestWeatherApp.release.xcconfig */,
			);
			path = Pods;
			sourceTree = "<group>";
		};
		37A77C422B70271200435DF5 /* AppConfiguration */ = {
			isa = PBXGroup;
			children = (
				37A8470E2B6FC04100AE4623 /* AppDelegate.swift */,
				37A847102B6FC04100AE4623 /* SceneDelegate.swift */,
				37A847172B6FC04300AE4623 /* Assets.xcassets */,
				37A847192B6FC04300AE4623 /* LaunchScreen.storyboard */,
			);
			path = AppConfiguration;
			sourceTree = "<group>";
		};
		37A77C432B70272A00435DF5 /* Presentation */ = {
			isa = PBXGroup;
			children = (
				37A77C442B70273100435DF5 /* SearchCity */,
			);
			path = Presentation;
			sourceTree = "<group>";
		};
		37A77C442B70273100435DF5 /* SearchCity */ = {
			isa = PBXGroup;
			children = (
				37A77C402B7021E700435DF5 /* SearchCityViewController.swift */,
			);
			path = SearchCity;
			sourceTree = "<group>";
		};
		37A77C452B70274300435DF5 /* Coordinator */ = {
			isa = PBXGroup;
			children = (
				37A77C3C2B70212600435DF5 /* Coordinator.swift */,
				37A77C3E2B70214B00435DF5 /* MainCoordinator.swift */,
			);
			path = Coordinator;
			sourceTree = "<group>";
		};
		37A847022B6FC04100AE4623 = {
			isa = PBXGroup;
			children = (
				37A8470D2B6FC04100AE4623 /* EmpikTestWeatherApp */,
				37A847242B6FC04300AE4623 /* EmpikTestWeatherAppTests */,
				37A8472E2B6FC04300AE4623 /* EmpikTestWeatherAppUITests */,
				37A8470C2B6FC04100AE4623 /* Products */,
				06C2B0F78893D473847B8477 /* Pods */,
				518B9B3B84309A4A48B801FB /* Frameworks */,
			);
			sourceTree = "<group>";
		};
		37A8470C2B6FC04100AE4623 /* Products */ = {
			isa = PBXGroup;
			children = (
				37A8470B2B6FC04100AE4623 /* EmpikTestWeatherApp.app */,
				37A847212B6FC04300AE4623 /* EmpikTestWeatherAppTests.xctest */,
				37A8472B2B6FC04300AE4623 /* EmpikTestWeatherAppUITests.xctest */,
			);
			name = Products;
			sourceTree = "<group>";
		};
		37A8470D2B6FC04100AE4623 /* EmpikTestWeatherApp */ = {
			isa = PBXGroup;
			children = (
				37A77C452B70274300435DF5 /* Coordinator */,
				37A77C432B70272A00435DF5 /* Presentation */,
				37A77C422B70271200435DF5 /* AppConfiguration */,
				37A8471C2B6FC04300AE4623 /* Info.plist */,
			);
			path = EmpikTestWeatherApp;
			sourceTree = "<group>";
		};
		37A847242B6FC04300AE4623 /* EmpikTestWeatherAppTests */ = {
			isa = PBXGroup;
			children = (
				37A847252B6FC04300AE4623 /* EmpikTestWeatherAppTests.swift */,
			);
			path = EmpikTestWeatherAppTests;
			sourceTree = "<group>";
		};
		37A8472E2B6FC04300AE4623 /* EmpikTestWeatherAppUITests */ = {
			isa = PBXGroup;
			children = (
				37A8472F2B6FC04300AE4623 /* EmpikTestWeatherAppUITests.swift */,
				37A847312B6FC04300AE4623 /* EmpikTestWeatherAppUITestsLaunchTests.swift */,
			);
			path = EmpikTestWeatherAppUITests;
			sourceTree = "<group>";
		};
		518B9B3B84309A4A48B801FB /* Frameworks */ = {
			isa = PBXGroup;
			children = (
				0405A1D71D3926B65718EA40 /* Pods_EmpikTestWeatherApp.framework */,
			);
			name = Frameworks;
			sourceTree = "<group>";
		};
/* End PBXGroup section */

/* Begin PBXNativeTarget section */
		37A8470A2B6FC04100AE4623 /* EmpikTestWeatherApp */ = {
			isa = PBXNativeTarget;
			buildConfigurationList = 37A847352B6FC04300AE4623 /* Build configuration list for PBXNativeTarget "EmpikTestWeatherApp" */;
			buildPhases = (
				F5A4883758272FD92AA5845B /* [CP] Check Pods Manifest.lock */,
				37A847072B6FC04100AE4623 /* Sources */,
				37A847082B6FC04100AE4623 /* Frameworks */,
				37A847092B6FC04100AE4623 /* Resources */,
				CB3EC404194491481622E0F0 /* [CP] Embed Pods Frameworks */,
			);
			buildRules = (
			);
			dependencies = (
			);
			name = EmpikTestWeatherApp;
			productName = EmpikTestWeatherApp;
			productReference = 37A8470B2B6FC04100AE4623 /* EmpikTestWeatherApp.app */;
			productType = "com.apple.product-type.application";
		};
		37A847202B6FC04300AE4623 /* EmpikTestWeatherAppTests */ = {
			isa = PBXNativeTarget;
			buildConfigurationList = 37A847382B6FC04300AE4623 /* Build configuration list for PBXNativeTarget "EmpikTestWeatherAppTests" */;
			buildPhases = (
				37A8471D2B6FC04300AE4623 /* Sources */,
				37A8471E2B6FC04300AE4623 /* Frameworks */,
				37A8471F2B6FC04300AE4623 /* Resources */,
			);
			buildRules = (
			);
			dependencies = (
				37A847232B6FC04300AE4623 /* PBXTargetDependency */,
			);
			name = EmpikTestWeatherAppTests;
			productName = EmpikTestWeatherAppTests;
			productReference = 37A847212B6FC04300AE4623 /* EmpikTestWeatherAppTests.xctest */;
			productType = "com.apple.product-type.bundle.unit-test";
		};
		37A8472A2B6FC04300AE4623 /* EmpikTestWeatherAppUITests */ = {
			isa = PBXNativeTarget;
			buildConfigurationList = 37A8473B2B6FC04300AE4623 /* Build configuration list for PBXNativeTarget "EmpikTestWeatherAppUITests" */;
			buildPhases = (
				37A847272B6FC04300AE4623 /* Sources */,
				37A847282B6FC04300AE4623 /* Frameworks */,
				37A847292B6FC04300AE4623 /* Resources */,
			);
			buildRules = (
			);
			dependencies = (
				37A8472D2B6FC04300AE4623 /* PBXTargetDependency */,
			);
			name = EmpikTestWeatherAppUITests;
			productName = EmpikTestWeatherAppUITests;
			productReference = 37A8472B2B6FC04300AE4623 /* EmpikTestWeatherAppUITests.xctest */;
			productType = "com.apple.product-type.bundle.ui-testing";
		};
/* End PBXNativeTarget section */

/* Begin PBXProject section */
		37A847032B6FC04100AE4623 /* Project object */ = {
			isa = PBXProject;
			attributes = {
				BuildIndependentTargetsInParallel = 1;
				LastSwiftUpdateCheck = 1520;
				LastUpgradeCheck = 1520;
				TargetAttributes = {
					37A8470A2B6FC04100AE4623 = {
						CreatedOnToolsVersion = 15.2;
					};
					37A847202B6FC04300AE4623 = {
						CreatedOnToolsVersion = 15.2;
						TestTargetID = 37A8470A2B6FC04100AE4623;
					};
					37A8472A2B6FC04300AE4623 = {
						CreatedOnToolsVersion = 15.2;
						TestTargetID = 37A8470A2B6FC04100AE4623;
					};
				};
			};
			buildConfigurationList = 37A847062B6FC04100AE4623 /* Build configuration list for PBXProject "EmpikTestWeatherApp" */;
			compatibilityVersion = "Xcode 14.0";
			developmentRegion = en;
			hasScannedForEncodings = 0;
			knownRegions = (
				en,
				Base,
			);
			mainGroup = 37A847022B6FC04100AE4623;
			productRefGroup = 37A8470C2B6FC04100AE4623 /* Products */;
			projectDirPath = "";
			projectRoot = "";
			targets = (
				37A8470A2B6FC04100AE4623 /* EmpikTestWeatherApp */,
				37A847202B6FC04300AE4623 /* EmpikTestWeatherAppTests */,
				37A8472A2B6FC04300AE4623 /* EmpikTestWeatherAppUITests */,
			);
		};
/* End PBXProject section */

/* Begin PBXResourcesBuildPhase section */
		37A847092B6FC04100AE4623 /* Resources */ = {
			isa = PBXResourcesBuildPhase;
			buildActionMask = 2147483647;
			files = (
				37A8471B2B6FC04300AE4623 /* LaunchScreen.storyboard in Resources */,
				37A847182B6FC04300AE4623 /* Assets.xcassets in Resources */,
			);
			runOnlyForDeploymentPostprocessing = 0;
		};
		37A8471F2B6FC04300AE4623 /* Resources */ = {
			isa = PBXResourcesBuildPhase;
			buildActionMask = 2147483647;
			files = (
			);
			runOnlyForDeploymentPostprocessing = 0;
		};
		37A847292B6FC04300AE4623 /* Resources */ = {
			isa = PBXResourcesBuildPhase;
			buildActionMask = 2147483647;
			files = (
			);
			runOnlyForDeploymentPostprocessing = 0;
		};
/* End PBXResourcesBuildPhase section */

/* Begin PBXShellScriptBuildPhase section */
		CB3EC404194491481622E0F0 /* [CP] Embed Pods Frameworks */ = {
			isa = PBXShellScriptBuildPhase;
			buildActionMask = 2147483647;
			files = (
			);
			inputFileListPaths = (
				"${PODS_ROOT}/Target Support Files/Pods-EmpikTestWeatherApp/Pods-EmpikTestWeatherApp-frameworks-${CONFIGURATION}-input-files.xcfilelist",
			);
			name = "[CP] Embed Pods Frameworks";
			outputFileListPaths = (
				"${PODS_ROOT}/Target Support Files/Pods-EmpikTestWeatherApp/Pods-EmpikTestWeatherApp-frameworks-${CONFIGURATION}-output-files.xcfilelist",
			);
			runOnlyForDeploymentPostprocessing = 0;
			shellPath = /bin/sh;
			shellScript = "\"${PODS_ROOT}/Target Support Files/Pods-EmpikTestWeatherApp/Pods-EmpikTestWeatherApp-frameworks.sh\"\n";
			showEnvVarsInLog = 0;
		};
		F5A4883758272FD92AA5845B /* [CP] Check Pods Manifest.lock */ = {
			isa = PBXShellScriptBuildPhase;
			buildActionMask = 2147483647;
			files = (
			);
			inputFileListPaths = (
			);
			inputPaths = (
				"${PODS_PODFILE_DIR_PATH}/Podfile.lock",
				"${PODS_ROOT}/Manifest.lock",
			);
			name = "[CP] Check Pods Manifest.lock";
			outputFileListPaths = (
			);
			outputPaths = (
				"$(DERIVED_FILE_DIR)/Pods-EmpikTestWeatherApp-checkManifestLockResult.txt",
			);
			runOnlyForDeploymentPostprocessing = 0;
			shellPath = /bin/sh;
			shellScript = "diff \"${PODS_PODFILE_DIR_PATH}/Podfile.lock\" \"${PODS_ROOT}/Manifest.lock\" > /dev/null\nif [ $? != 0 ] ; then\n    # print error to STDERR\n    echo \"error: The sandbox is not in sync with the Podfile.lock. Run 'pod install' or update your CocoaPods installation.\" >&2\n    exit 1\nfi\n# This output is used by Xcode 'outputs' to avoid re-running this script phase.\necho \"SUCCESS\" > \"${SCRIPT_OUTPUT_FILE_0}\"\n";
			showEnvVarsInLog = 0;
		};
/* End PBXShellScriptBuildPhase section */

/* Begin PBXSourcesBuildPhase section */
		37A847072B6FC04100AE4623 /* Sources */ = {
			isa = PBXSourcesBuildPhase;
			buildActionMask = 2147483647;
			files = (
				37A8470F2B6FC04100AE4623 /* AppDelegate.swift in Sources */,
				37A77C412B7021E700435DF5 /* SearchCityViewController.swift in Sources */,
				37A77C3F2B70214B00435DF5 /* MainCoordinator.swift in Sources */,
				37A847112B6FC04100AE4623 /* SceneDelegate.swift in Sources */,
				37A77C3D2B70212600435DF5 /* Coordinator.swift in Sources */,
			);
			runOnlyForDeploymentPostprocessing = 0;
		};
		37A8471D2B6FC04300AE4623 /* Sources */ = {
			isa = PBXSourcesBuildPhase;
			buildActionMask = 2147483647;
			files = (
				37A847262B6FC04300AE4623 /* EmpikTestWeatherAppTests.swift in Sources */,
			);
			runOnlyForDeploymentPostprocessing = 0;
		};
		37A847272B6FC04300AE4623 /* Sources */ = {
			isa = PBXSourcesBuildPhase;
			buildActionMask = 2147483647;
			files = (
				37A847322B6FC04300AE4623 /* EmpikTestWeatherAppUITestsLaunchTests.swift in Sources */,
				37A847302B6FC04300AE4623 /* EmpikTestWeatherAppUITests.swift in Sources */,
			);
			runOnlyForDeploymentPostprocessing = 0;
		};
/* End PBXSourcesBuildPhase section */

/* Begin PBXTargetDependency section */
		37A847232B6FC04300AE4623 /* PBXTargetDependency */ = {
			isa = PBXTargetDependency;
			target = 37A8470A2B6FC04100AE4623 /* EmpikTestWeatherApp */;
			targetProxy = 37A847222B6FC04300AE4623 /* PBXContainerItemProxy */;
		};
		37A8472D2B6FC04300AE4623 /* PBXTargetDependency */ = {
			isa = PBXTargetDependency;
			target = 37A8470A2B6FC04100AE4623 /* EmpikTestWeatherApp */;
			targetProxy = 37A8472C2B6FC04300AE4623 /* PBXContainerItemProxy */;
		};
/* End PBXTargetDependency section */

/* Begin PBXVariantGroup section */
		37A847192B6FC04300AE4623 /* LaunchScreen.storyboard */ = {
			isa = PBXVariantGroup;
			children = (
				37A8471A2B6FC04300AE4623 /* Base */,
			);
			name = LaunchScreen.storyboard;
			sourceTree = "<group>";
		};
/* End PBXVariantGroup section */

/* Begin XCBuildConfiguration section */
		37A847332B6FC04300AE4623 /* Debug */ = {
			isa = XCBuildConfiguration;
			buildSettings = {
				ALWAYS_SEARCH_USER_PATHS = NO;
				ASSETCATALOG_COMPILER_GENERATE_SWIFT_ASSET_SYMBOL_EXTENSIONS = YES;
				CLANG_ANALYZER_NONNULL = YES;
				CLANG_ANALYZER_NUMBER_OBJECT_CONVERSION = YES_AGGRESSIVE;
				CLANG_CXX_LANGUAGE_STANDARD = "gnu++20";
				CLANG_ENABLE_MODULES = YES;
				CLANG_ENABLE_OBJC_ARC = YES;
				CLANG_ENABLE_OBJC_WEAK = YES;
				CLANG_WARN_BLOCK_CAPTURE_AUTORELEASING = YES;
				CLANG_WARN_BOOL_CONVERSION = YES;
				CLANG_WARN_COMMA = YES;
				CLANG_WARN_CONSTANT_CONVERSION = YES;
				CLANG_WARN_DEPRECATED_OBJC_IMPLEMENTATIONS = YES;
				CLANG_WARN_DIRECT_OBJC_ISA_USAGE = YES_ERROR;
				CLANG_WARN_DOCUMENTATION_COMMENTS = YES;
				CLANG_WARN_EMPTY_BODY = YES;
				CLANG_WARN_ENUM_CONVERSION = YES;
				CLANG_WARN_INFINITE_RECURSION = YES;
				CLANG_WARN_INT_CONVERSION = YES;
				CLANG_WARN_NON_LITERAL_NULL_CONVERSION = YES;
				CLANG_WARN_OBJC_IMPLICIT_RETAIN_SELF = YES;
				CLANG_WARN_OBJC_LITERAL_CONVERSION = YES;
				CLANG_WARN_OBJC_ROOT_CLASS = YES_ERROR;
				CLANG_WARN_QUOTED_INCLUDE_IN_FRAMEWORK_HEADER = NO;
				CLANG_WARN_RANGE_LOOP_ANALYSIS = YES;
				CLANG_WARN_STRICT_PROTOTYPES = YES;
				CLANG_WARN_SUSPICIOUS_MOVE = YES;
				CLANG_WARN_UNGUARDED_AVAILABILITY = YES_AGGRESSIVE;
				CLANG_WARN_UNREACHABLE_CODE = YES;
				CLANG_WARN__DUPLICATE_METHOD_MATCH = YES;
				COPY_PHASE_STRIP = NO;
				DEBUG_INFORMATION_FORMAT = dwarf;
				ENABLE_STRICT_OBJC_MSGSEND = YES;
				ENABLE_TESTABILITY = YES;
				ENABLE_USER_SCRIPT_SANDBOXING = NO;
				GCC_C_LANGUAGE_STANDARD = gnu17;
				GCC_DYNAMIC_NO_PIC = NO;
				GCC_NO_COMMON_BLOCKS = YES;
				GCC_OPTIMIZATION_LEVEL = 0;
				GCC_PREPROCESSOR_DEFINITIONS = (
					"DEBUG=1",
					"$(inherited)",
				);
				GCC_WARN_64_TO_32_BIT_CONVERSION = YES;
				GCC_WARN_ABOUT_RETURN_TYPE = YES_ERROR;
				GCC_WARN_UNDECLARED_SELECTOR = YES;
				GCC_WARN_UNINITIALIZED_AUTOS = YES_AGGRESSIVE;
				GCC_WARN_UNUSED_FUNCTION = YES;
				GCC_WARN_UNUSED_VARIABLE = YES;
				IPHONEOS_DEPLOYMENT_TARGET = 17.2;
				LOCALIZATION_PREFERS_STRING_CATALOGS = YES;
				MTL_ENABLE_DEBUG_INFO = INCLUDE_SOURCE;
				MTL_FAST_MATH = YES;
				ONLY_ACTIVE_ARCH = YES;
				SDKROOT = iphoneos;
				SWIFT_ACTIVE_COMPILATION_CONDITIONS = "DEBUG $(inherited)";
				SWIFT_OPTIMIZATION_LEVEL = "-Onone";
			};
			name = Debug;
		};
		37A847342B6FC04300AE4623 /* Release */ = {
			isa = XCBuildConfiguration;
			buildSettings = {
				ALWAYS_SEARCH_USER_PATHS = NO;
				ASSETCATALOG_COMPILER_GENERATE_SWIFT_ASSET_SYMBOL_EXTENSIONS = YES;
				CLANG_ANALYZER_NONNULL = YES;
				CLANG_ANALYZER_NUMBER_OBJECT_CONVERSION = YES_AGGRESSIVE;
				CLANG_CXX_LANGUAGE_STANDARD = "gnu++20";
				CLANG_ENABLE_MODULES = YES;
				CLANG_ENABLE_OBJC_ARC = YES;
				CLANG_ENABLE_OBJC_WEAK = YES;
				CLANG_WARN_BLOCK_CAPTURE_AUTORELEASING = YES;
				CLANG_WARN_BOOL_CONVERSION = YES;
				CLANG_WARN_COMMA = YES;
				CLANG_WARN_CONSTANT_CONVERSION = YES;
				CLANG_WARN_DEPRECATED_OBJC_IMPLEMENTATIONS = YES;
				CLANG_WARN_DIRECT_OBJC_ISA_USAGE = YES_ERROR;
				CLANG_WARN_DOCUMENTATION_COMMENTS = YES;
				CLANG_WARN_EMPTY_BODY = YES;
				CLANG_WARN_ENUM_CONVERSION = YES;
				CLANG_WARN_INFINITE_RECURSION = YES;
				CLANG_WARN_INT_CONVERSION = YES;
				CLANG_WARN_NON_LITERAL_NULL_CONVERSION = YES;
				CLANG_WARN_OBJC_IMPLICIT_RETAIN_SELF = YES;
				CLANG_WARN_OBJC_LITERAL_CONVERSION = YES;
				CLANG_WARN_OBJC_ROOT_CLASS = YES_ERROR;
				CLANG_WARN_QUOTED_INCLUDE_IN_FRAMEWORK_HEADER = NO;
				CLANG_WARN_RANGE_LOOP_ANALYSIS = YES;
				CLANG_WARN_STRICT_PROTOTYPES = YES;
				CLANG_WARN_SUSPICIOUS_MOVE = YES;
				CLANG_WARN_UNGUARDED_AVAILABILITY = YES_AGGRESSIVE;
				CLANG_WARN_UNREACHABLE_CODE = YES;
				CLANG_WARN__DUPLICATE_METHOD_MATCH = YES;
				COPY_PHASE_STRIP = NO;
				DEBUG_INFORMATION_FORMAT = "dwarf-with-dsym";
				ENABLE_NS_ASSERTIONS = NO;
				ENABLE_STRICT_OBJC_MSGSEND = YES;
				ENABLE_USER_SCRIPT_SANDBOXING = NO;
				GCC_C_LANGUAGE_STANDARD = gnu17;
				GCC_NO_COMMON_BLOCKS = YES;
				GCC_WARN_64_TO_32_BIT_CONVERSION = YES;
				GCC_WARN_ABOUT_RETURN_TYPE = YES_ERROR;
				GCC_WARN_UNDECLARED_SELECTOR = YES;
				GCC_WARN_UNINITIALIZED_AUTOS = YES_AGGRESSIVE;
				GCC_WARN_UNUSED_FUNCTION = YES;
				GCC_WARN_UNUSED_VARIABLE = YES;
				IPHONEOS_DEPLOYMENT_TARGET = 17.2;
				LOCALIZATION_PREFERS_STRING_CATALOGS = YES;
				MTL_ENABLE_DEBUG_INFO = NO;
				MTL_FAST_MATH = YES;
				SDKROOT = iphoneos;
				SWIFT_COMPILATION_MODE = wholemodule;
				VALIDATE_PRODUCT = YES;
			};
			name = Release;
		};
		37A847362B6FC04300AE4623 /* Debug */ = {
			isa = XCBuildConfiguration;
			baseConfigurationReference = 8BFC358A6B0BD5D0A0536490 /* Pods-EmpikTestWeatherApp.debug.xcconfig */;
			buildSettings = {
				ASSETCATALOG_COMPILER_APPICON_NAME = AppIcon;
				ASSETCATALOG_COMPILER_GLOBAL_ACCENT_COLOR_NAME = AccentColor;
				CODE_SIGN_STYLE = Automatic;
				CURRENT_PROJECT_VERSION = 1;
				GENERATE_INFOPLIST_FILE = YES;
				INFOPLIST_FILE = EmpikTestWeatherApp/Info.plist;
				INFOPLIST_KEY_UIApplicationSupportsIndirectInputEvents = YES;
				INFOPLIST_KEY_UILaunchStoryboardName = LaunchScreen;
				INFOPLIST_KEY_UIMainStoryboardFile = "";
				INFOPLIST_KEY_UISupportedInterfaceOrientations_iPad = "UIInterfaceOrientationPortrait UIInterfaceOrientationPortraitUpsideDown UIInterfaceOrientationLandscapeLeft UIInterfaceOrientationLandscapeRight";
				INFOPLIST_KEY_UISupportedInterfaceOrientations_iPhone = "UIInterfaceOrientationPortrait UIInterfaceOrientationLandscapeLeft UIInterfaceOrientationLandscapeRight";
				IPHONEOS_DEPLOYMENT_TARGET = 13.0;
				LD_RUNPATH_SEARCH_PATHS = (
					"$(inherited)",
					"@executable_path/Frameworks",
				);
				MARKETING_VERSION = 1.0;
				PRODUCT_BUNDLE_IDENTIFIER = TestApp.EmpikTestWeatherApp;
				PRODUCT_NAME = "$(TARGET_NAME)";
				SWIFT_EMIT_LOC_STRINGS = YES;
				SWIFT_VERSION = 5.0;
				TARGETED_DEVICE_FAMILY = "1,2";
			};
			name = Debug;
		};
		37A847372B6FC04300AE4623 /* Release */ = {
			isa = XCBuildConfiguration;
			baseConfigurationReference = 06D164A9735A48DFCE5FCB83 /* Pods-EmpikTestWeatherApp.release.xcconfig */;
			buildSettings = {
				ASSETCATALOG_COMPILER_APPICON_NAME = AppIcon;
				ASSETCATALOG_COMPILER_GLOBAL_ACCENT_COLOR_NAME = AccentColor;
				CODE_SIGN_STYLE = Automatic;
				CURRENT_PROJECT_VERSION = 1;
				GENERATE_INFOPLIST_FILE = YES;
				INFOPLIST_FILE = EmpikTestWeatherApp/Info.plist;
				INFOPLIST_KEY_UIApplicationSupportsIndirectInputEvents = YES;
				INFOPLIST_KEY_UILaunchStoryboardName = LaunchScreen;
				INFOPLIST_KEY_UIMainStoryboardFile = "";
				INFOPLIST_KEY_UISupportedInterfaceOrientations_iPad = "UIInterfaceOrientationPortrait UIInterfaceOrientationPortraitUpsideDown UIInterfaceOrientationLandscapeLeft UIInterfaceOrientationLandscapeRight";
				INFOPLIST_KEY_UISupportedInterfaceOrientations_iPhone = "UIInterfaceOrientationPortrait UIInterfaceOrientationLandscapeLeft UIInterfaceOrientationLandscapeRight";
				IPHONEOS_DEPLOYMENT_TARGET = 13.0;
				LD_RUNPATH_SEARCH_PATHS = (
					"$(inherited)",
					"@executable_path/Frameworks",
				);
				MARKETING_VERSION = 1.0;
				PRODUCT_BUNDLE_IDENTIFIER = TestApp.EmpikTestWeatherApp;
				PRODUCT_NAME = "$(TARGET_NAME)";
				SWIFT_EMIT_LOC_STRINGS = YES;
				SWIFT_VERSION = 5.0;
				TARGETED_DEVICE_FAMILY = "1,2";
			};
			name = Release;
		};
		37A847392B6FC04300AE4623 /* Debug */ = {
			isa = XCBuildConfiguration;
			buildSettings = {
				ALWAYS_EMBED_SWIFT_STANDARD_LIBRARIES = YES;
				BUNDLE_LOADER = "$(TEST_HOST)";
				CODE_SIGN_STYLE = Automatic;
				CURRENT_PROJECT_VERSION = 1;
				GENERATE_INFOPLIST_FILE = YES;
				IPHONEOS_DEPLOYMENT_TARGET = 17.2;
				MARKETING_VERSION = 1.0;
				PRODUCT_BUNDLE_IDENTIFIER = TestApp.EmpikTestWeatherAppTests;
				PRODUCT_NAME = "$(TARGET_NAME)";
				SWIFT_EMIT_LOC_STRINGS = NO;
				SWIFT_VERSION = 5.0;
				TARGETED_DEVICE_FAMILY = "1,2";
				TEST_HOST = "$(BUILT_PRODUCTS_DIR)/EmpikTestWeatherApp.app/$(BUNDLE_EXECUTABLE_FOLDER_PATH)/EmpikTestWeatherApp";
			};
			name = Debug;
		};
		37A8473A2B6FC04300AE4623 /* Release */ = {
			isa = XCBuildConfiguration;
			buildSettings = {
				ALWAYS_EMBED_SWIFT_STANDARD_LIBRARIES = YES;
				BUNDLE_LOADER = "$(TEST_HOST)";
				CODE_SIGN_STYLE = Automatic;
				CURRENT_PROJECT_VERSION = 1;
				GENERATE_INFOPLIST_FILE = YES;
				IPHONEOS_DEPLOYMENT_TARGET = 17.2;
				MARKETING_VERSION = 1.0;
				PRODUCT_BUNDLE_IDENTIFIER = TestApp.EmpikTestWeatherAppTests;
				PRODUCT_NAME = "$(TARGET_NAME)";
				SWIFT_EMIT_LOC_STRINGS = NO;
				SWIFT_VERSION = 5.0;
				TARGETED_DEVICE_FAMILY = "1,2";
				TEST_HOST = "$(BUILT_PRODUCTS_DIR)/EmpikTestWeatherApp.app/$(BUNDLE_EXECUTABLE_FOLDER_PATH)/EmpikTestWeatherApp";
			};
			name = Release;
		};
		37A8473C2B6FC04300AE4623 /* Debug */ = {
			isa = XCBuildConfiguration;
			buildSettings = {
				ALWAYS_EMBED_SWIFT_STANDARD_LIBRARIES = YES;
				CODE_SIGN_STYLE = Automatic;
				CURRENT_PROJECT_VERSION = 1;
				GENERATE_INFOPLIST_FILE = YES;
				MARKETING_VERSION = 1.0;
				PRODUCT_BUNDLE_IDENTIFIER = TestApp.EmpikTestWeatherAppUITests;
				PRODUCT_NAME = "$(TARGET_NAME)";
				SWIFT_EMIT_LOC_STRINGS = NO;
				SWIFT_VERSION = 5.0;
				TARGETED_DEVICE_FAMILY = "1,2";
				TEST_TARGET_NAME = EmpikTestWeatherApp;
			};
			name = Debug;
		};
		37A8473D2B6FC04300AE4623 /* Release */ = {
			isa = XCBuildConfiguration;
			buildSettings = {
				ALWAYS_EMBED_SWIFT_STANDARD_LIBRARIES = YES;
				CODE_SIGN_STYLE = Automatic;
				CURRENT_PROJECT_VERSION = 1;
				GENERATE_INFOPLIST_FILE = YES;
				MARKETING_VERSION = 1.0;
				PRODUCT_BUNDLE_IDENTIFIER = TestApp.EmpikTestWeatherAppUITests;
				PRODUCT_NAME = "$(TARGET_NAME)";
				SWIFT_EMIT_LOC_STRINGS = NO;
				SWIFT_VERSION = 5.0;
				TARGETED_DEVICE_FAMILY = "1,2";
				TEST_TARGET_NAME = EmpikTestWeatherApp;
			};
			name = Release;
		};
/* End XCBuildConfiguration section */

/* Begin XCConfigurationList section */
		37A847062B6FC04100AE4623 /* Build configuration list for PBXProject "EmpikTestWeatherApp" */ = {
			isa = XCConfigurationList;
			buildConfigurations = (
				37A847332B6FC04300AE4623 /* Debug */,
				37A847342B6FC04300AE4623 /* Release */,
			);
			defaultConfigurationIsVisible = 0;
			defaultConfigurationName = Release;
		};
		37A847352B6FC04300AE4623 /* Build configuration list for PBXNativeTarget "EmpikTestWeatherApp" */ = {
			isa = XCConfigurationList;
			buildConfigurations = (
				37A847362B6FC04300AE4623 /* Debug */,
				37A847372B6FC04300AE4623 /* Release */,
			);
			defaultConfigurationIsVisible = 0;
			defaultConfigurationName = Release;
		};
		37A847382B6FC04300AE4623 /* Build configuration list for PBXNativeTarget "EmpikTestWeatherAppTests" */ = {
			isa = XCConfigurationList;
			buildConfigurations = (
				37A847392B6FC04300AE4623 /* Debug */,
				37A8473A2B6FC04300AE4623 /* Release */,
			);
			defaultConfigurationIsVisible = 0;
			defaultConfigurationName = Release;
		};
		37A8473B2B6FC04300AE4623 /* Build configuration list for PBXNativeTarget "EmpikTestWeatherAppUITests" */ = {
			isa = XCConfigurationList;
			buildConfigurations = (
				37A8473C2B6FC04300AE4623 /* Debug */,
				37A8473D2B6FC04300AE4623 /* Release */,
			);
			defaultConfigurationIsVisible = 0;
			defaultConfigurationName = Release;
		};
/* End XCConfigurationList section */
	};
	rootObject = 37A847032B6FC04100AE4623 /* Project object */;
}
